<?xml version="1.0" encoding="utf-8"?>
<Project ToolsVersion="4.0" xmlns="http://schemas.microsoft.com/developer/msbuild/2003">
  <ItemGroup>
    <Filter Include="Source Files">
      <UniqueIdentifier>{4FC737F1-C7A5-4376-A066-2A32D752A2FF}</UniqueIdentifier>
      <Extensions>cpp;c;cc;cxx;def;odl;idl;hpj;bat;asm;asmx</Extensions>
    </Filter>
    <Filter Include="Header Files">
      <UniqueIdentifier>{93995380-89BD-4b04-88EB-625FBE52EBFB}</UniqueIdentifier>
      <Extensions>h;hh;hpp;hxx;hm;inl;inc;ipp;xsd</Extensions>
    </Filter>
    <Filter Include="Resource Files">
      <UniqueIdentifier>{67DA6AB6-F800-4c08-8B7A-83BB121AAD01}</UniqueIdentifier>
      <Extensions>rc;ico;cur;bmp;dlg;rc2;rct;bin;rgs;gif;jpg;jpeg;jpe;resx;tiff;tif;png;wav;mfcribbon-ms</Extensions>
    </Filter>
    <Filter Include="Source Files\EngineImplement">
      <UniqueIdentifier>{208c3bdc-70a1-468f-abb5-27de77aca6f5}</UniqueIdentifier>
    </Filter>
    <Filter Include="Header Files\Engine">
      <UniqueIdentifier>{39102eef-101d-459c-91bd-eb99f53a680c}</UniqueIdentifier>
    </Filter>
    <Filter Include="Header Files\TrustFall">
      <UniqueIdentifier>{9584aa99-4970-43df-9c74-abb55fe47b48}</UniqueIdentifier>
    </Filter>
    <Filter Include="Header Files\Screens">
      <UniqueIdentifier>{c35524f9-e2af-4389-8842-332f6f7a1048}</UniqueIdentifier>
    </Filter>
    <Filter Include="Source Files\ScreensImplement">
      <UniqueIdentifier>{bc95f981-5965-4a34-8f2e-afba2627bb4b}</UniqueIdentifier>
    </Filter>
    <Filter Include="Source Files\TrustFallImplement">
      <UniqueIdentifier>{b26b82a2-f4cd-444a-923f-82aad7c96345}</UniqueIdentifier>
    </Filter>
  </ItemGroup>
  <ItemGroup>
    <None Include="packages.config" />
  </ItemGroup>
  <ItemGroup>
    <ClCompile Include="main.cpp">
      <Filter>Source Files</Filter>
    </ClCompile>
    <ClCompile Include="cursor.cpp">
      <Filter>Source Files\EngineImplement</Filter>
    </ClCompile>
    <ClCompile Include="game.cpp">
      <Filter>Source Files\EngineImplement</Filter>
    </ClCompile>
    <ClCompile Include="start_screen.cpp">
      <Filter>Source Files\ScreensImplement</Filter>
    </ClCompile>
    <ClCompile Include="game_screen.cpp">
      <Filter>Source Files\ScreensImplement</Filter>
    </ClCompile>
    <ClCompile Include="line.cpp">
      <Filter>Source Files\TrustFallImplement</Filter>
    </ClCompile>
  </ItemGroup>
  <ItemGroup>
    <ClInclude Include="cursor.h">
      <Filter>Header Files\Engine</Filter>
    </ClInclude>
    <ClInclude Include="enums.h">
      <Filter>Header Files\TrustFall</Filter>
    </ClInclude>
    <ClInclude Include="screen.h">
      <Filter>Header Files\Engine</Filter>
    </ClInclude>
    <ClInclude Include="game.h">
      <Filter>Header Files\Engine</Filter>
    </ClInclude>
    <ClInclude Include="start_screen.h">
      <Filter>Header Files\Screens</Filter>
    </ClInclude>
    <ClInclude Include="game_screen.h">
      <Filter>Header Files\Screens</Filter>
    </ClInclude>
    <ClInclude Include="line.h">
      <Filter>Header Files\TrustFall</Filter>
    </ClInclude>
  </ItemGroup>
</Project>